
Microsoft Visual Studio Solution File, Format Version 11.00
# Visual Studio 2010
Project("{FAE04EC0-301F-11D3-BF4B-00C04F79EFBC}") = "Felbook", "Felbook\Felbook.csproj", "{859F7D5C-1D70-42D5-8C1B-30B06AA8E60A}"
EndProject
Project("{FAE04EC0-301F-11D3-BF4B-00C04F79EFBC}") = "Felbook.Tests", "Felbook.Tests\Felbook.Tests.csproj", "{3137D3B8-EA53-483C-9284-3287E4031572}"
EndProject
Global
	GlobalSection(SolutionConfigurationPlatforms) = preSolution
		Debug|Any CPU = Debug|Any CPU
		Release|Any CPU = Release|Any CPU
	EndGlobalSection
	GlobalSection(ProjectConfigurationPlatforms) = postSolution
		{859F7D5C-1D70-42D5-8C1B-30B06AA8E60A}.Debug|Any CPU.ActiveCfg = Debug|Any CPU
		{859F7D5C-1D70-42D5-8C1B-30B06AA8E60A}.Debug|Any CPU.Build.0 = Debug|Any CPU
		{859F7D5C-1D70-42D5-8C1B-30B06AA8E60A}.Release|Any CPU.ActiveCfg = Release|Any CPU
		{859F7D5C-1D70-42D5-8C1B-30B06AA8E60A}.Release|Any CPU.Build.0 = Release|Any CPU
		{3137D3B8-EA53-483C-9284-3287E4031572}.Debug|Any CPU.ActiveCfg = Debug|Any CPU
		{3137D3B8-EA53-483C-9284-3287E4031572}.Debug|Any CPU.Build.0 = Debug|Any CPU
		{3137D3B8-EA53-483C-9284-3287E4031572}.Release|Any CPU.ActiveCfg = Release|Any CPU
		{3137D3B8-EA53-483C-9284-3287E4031572}.Release|Any CPU.Build.0 = Release|Any CPU
	EndGlobalSection
	GlobalSection(SolutionProperties) = preSolution
		HideSolutionNode = FALSE
	EndGlobalSection
EndGlobal
